{
  "nodes": {
    "home-manager": {
      "inputs": {
        "nixpkgs": [
          "nixpkgs"
        ]
      },
      "locked": {
        "lastModified": 1687163790,
        "narHash": "sha256-CmG/ZdswJrWM0CMgJiVyWfO6LqaI4SKEAx9IrnYDrpI=",
        "owner": "nix-community",
        "repo": "home-manager",
        "rev": "ac53777f52929bc82efcd2830bfc5aa60bcb4337",
        "type": "github"
      },
      "original": {
        "owner": "nix-community",
        "ref": "release-23.05",
        "repo": "home-manager",
        "type": "github"
      }
    },
    "nixpkgs": {
      "locked": {
        "lastModified": 1687379288,
        "narHash": "sha256-cSuwfiqYfeVyqzCRkU9AvLTysmEuSal8nh6CYr+xWog=",
        "owner": "nixos",
        "repo": "nixpkgs",
        "rev": "ef0bc3976340dab9a4e087a0bcff661a8b2e87f3",
        "type": "github"
      },
      "original": {
        "owner": "nixos",
        "ref": "nixos-23.05",
        "repo": "nixpkgs",
        "type": "github"
      }
    },
    "root": {
      "inputs": {
        "home-manager": "home-manager",
        "nixpkgs": "nixpkgs"
      }
    }
  },
  "root": "root",
  "version": 7
}
